{
  "name": "ai_tools_app",
  "version": "1.0.0",
  "lockfileVersion": 3,
  "requires": true,
  "packages": {
    "": {
      "name": "ai_tools_app",
      "version": "1.0.0",
      "license": "ISC",
      "dependencies": {
        "libphonenumber-js": "^1.12.38"
      }
    },
    "node_modules/libphonenumber-js": {
      "version": "1.12.38",
      "resolved": "https://registry.npmjs.org/libphonenumber-js/-/libphonenumber-js-1.12.38.tgz",
      "integrity": "sha512-vwzxmasAy9hZigxtqTbFEwp8ZdZ975TiqVDwj5bKx5sR+zi5ucUQy9mbVTkKM9GzqdLdxux/hTw2nmN5J7POMA==",
      "license": "MIT"
    }
  }
}
